{
    "_meta": {
        "hash": {
            "sha256": "5030be171a2ef330be5c665b91d662f53a22fb3bf03d6e7dbe35ed46247cce89"
        },
        "pipfile-spec": 6,
        "requires": {
            "python_version": "3.13"
        },
        "sources": [
            {
                "name": "pypi",
                "url": "https://pypi.org/simple",
                "verify_ssl": true
            }
        ]
    },
    "default": {
        "src": {
            "editable": true,
            "path": "./src"
        }
    },
    "develop": {}
}
